
Microsoft Visual Studio Solution File, Format Version 12.00
# Visual Studio Version 17
VisualStudioVersion = 17.11.35222.181
MinimumVisualStudioVersion = 10.0.40219.1
Project("{FAE04EC0-301F-11D3-BF4B-00C04F79EFBC}") = "Server", "Server.csproj", "{FD26B9F8-5DDB-47EF-A7E6-E5B6D5BB9E59}"
EndProject
Global
	GlobalSection(SolutionConfigurationPlatforms) = preSolution
		Debug|Any CPU = Debug|Any CPU
		Release|Any CPU = Release|Any CPU
	EndGlobalSection
	GlobalSection(ProjectConfigurationPlatforms) = postSolution
		{FD26B9F8-5DDB-47EF-A7E6-E5B6D5BB9E59}.Debug|Any CPU.ActiveCfg = Debug|Any CPU
		{FD26B9F8-5DDB-47EF-A7E6-E5B6D5BB9E59}.Debug|Any CPU.Build.0 = Debug|Any CPU
		{FD26B9F8-5DDB-47EF-A7E6-E5B6D5BB9E59}.Release|Any CPU.ActiveCfg = Release|Any CPU
		{FD26B9F8-5DDB-47EF-A7E6-E5B6D5BB9E59}.Release|Any CPU.Build.0 = Release|Any CPU
	EndGlobalSection
	GlobalSection(SolutionProperties) = preSolution
		HideSolutionNode = FALSE
	EndGlobalSection
	GlobalSection(ExtensibilityGlobals) = postSolution
		SolutionGuid = {7D1711DF-EA96-4605-A6F0-3A272CC5ACB1}
	EndGlobalSection
EndGlobal
